# This file is automatically @generated by Cargo.
# It is not intended for manual editing.
version = 4

[[package]]
name = "base64"
version = "0.23.0"
source = "registry+https://github.com/rust-lang/crates.io-index"
checksum = "b25655df2c3cdd83c5e5b293b88acd880332b2ddadd7c30ac43144fdc0033da9"

[[package]]
name = "doop"
version = "0.1.0"
dependencies = [
 "base64",
]
